
Microsoft Visual Studio Solution File, Format Version 12.00
# Visual Studio Version 17
VisualStudioVersion = 17.4.33213.308
MinimumVisualStudioVersion = 10.0.40219.1
Project("{9A19103F-16F7-4668-BE54-9A1E7A4F7556}") = "Knowit.Umbraco.Bellissima.InstantBlockPreview", "Knowit.Umbraco.Bellissima.InstantBlockPreview\Knowit.Umbraco.Bellissima.InstantBlockPreview.csproj", "{3996030D-1110-4204-841D-A818B197596A}"
EndProject
Project("{2150E333-8FDC-42A3-9474-1A3956D46DE8}") = "Umbraco", "Umbraco", "{1C25C5B3-E5AC-4D3A-B22B-429614D63E37}"
EndProject
Project("{54A90642-561A-4BB1-A94E-469ADEE60C69}") = "Knowit.Umbraco.Bellissima.InstantBlockPreview.Frontend", "Knowit.Umbraco.Bellissima.InstantBlockPreview.Frontend\Knowit.Umbraco.Bellissima.InstantBlockPreview.Frontend.esproj", "{3FD4C5EB-448D-4E08-AF5A-418743DF6A8A}"
EndProject
Project("{FAE04EC0-301F-11D3-BF4B-00C04F79EFBC}") = "Umbraco-15.0-rc1", "Umbraco\Umbraco-15.0-rc1\Umbraco-15.0-rc1.csproj", "{3F3729C2-6DDF-4BD3-A15C-274F063C5656}"
EndProject
Project("{FAE04EC0-301F-11D3-BF4B-00C04F79EFBC}") = "Umbraco-15.0.0-rc1-nuget", "Umbraco\Umbraco-15.0.0-rc1-nuget\Umbraco-15.0.0-rc1-nuget.csproj", "{8BB5BCDD-ED7F-4857-80B4-D92DEFB80605}"
EndProject
Global
	GlobalSection(SolutionConfigurationPlatforms) = preSolution
		Debug|Any CPU = Debug|Any CPU
		Release|Any CPU = Release|Any CPU
	EndGlobalSection
	GlobalSection(ProjectConfigurationPlatforms) = postSolution
		{3996030D-1110-4204-841D-A818B197596A}.Debug|Any CPU.ActiveCfg = Debug|Any CPU
		{3996030D-1110-4204-841D-A818B197596A}.Debug|Any CPU.Build.0 = Debug|Any CPU
		{3996030D-1110-4204-841D-A818B197596A}.Release|Any CPU.ActiveCfg = Release|Any CPU
		{3996030D-1110-4204-841D-A818B197596A}.Release|Any CPU.Build.0 = Release|Any CPU
		{3FD4C5EB-448D-4E08-AF5A-418743DF6A8A}.Debug|Any CPU.ActiveCfg = Debug|Any CPU
		{3FD4C5EB-448D-4E08-AF5A-418743DF6A8A}.Debug|Any CPU.Build.0 = Debug|Any CPU
		{3FD4C5EB-448D-4E08-AF5A-418743DF6A8A}.Debug|Any CPU.Deploy.0 = Debug|Any CPU
		{3FD4C5EB-448D-4E08-AF5A-418743DF6A8A}.Release|Any CPU.ActiveCfg = Release|Any CPU
		{3FD4C5EB-448D-4E08-AF5A-418743DF6A8A}.Release|Any CPU.Build.0 = Release|Any CPU
		{3FD4C5EB-448D-4E08-AF5A-418743DF6A8A}.Release|Any CPU.Deploy.0 = Release|Any CPU
		{3F3729C2-6DDF-4BD3-A15C-274F063C5656}.Debug|Any CPU.ActiveCfg = Debug|Any CPU
		{3F3729C2-6DDF-4BD3-A15C-274F063C5656}.Debug|Any CPU.Build.0 = Debug|Any CPU
		{3F3729C2-6DDF-4BD3-A15C-274F063C5656}.Release|Any CPU.ActiveCfg = Release|Any CPU
		{3F3729C2-6DDF-4BD3-A15C-274F063C5656}.Release|Any CPU.Build.0 = Release|Any CPU
		{8BB5BCDD-ED7F-4857-80B4-D92DEFB80605}.Debug|Any CPU.ActiveCfg = Debug|Any CPU
		{8BB5BCDD-ED7F-4857-80B4-D92DEFB80605}.Debug|Any CPU.Build.0 = Debug|Any CPU
		{8BB5BCDD-ED7F-4857-80B4-D92DEFB80605}.Release|Any CPU.ActiveCfg = Release|Any CPU
		{8BB5BCDD-ED7F-4857-80B4-D92DEFB80605}.Release|Any CPU.Build.0 = Release|Any CPU
	EndGlobalSection
	GlobalSection(SolutionProperties) = preSolution
		HideSolutionNode = FALSE
	EndGlobalSection
	GlobalSection(NestedProjects) = preSolution
		{3F3729C2-6DDF-4BD3-A15C-274F063C5656} = {1C25C5B3-E5AC-4D3A-B22B-429614D63E37}
		{8BB5BCDD-ED7F-4857-80B4-D92DEFB80605} = {1C25C5B3-E5AC-4D3A-B22B-429614D63E37}
	EndGlobalSection
	GlobalSection(ExtensibilityGlobals) = postSolution
		SolutionGuid = {9CCC26E6-1E21-4E0C-B5F5-A803BE335338}
	EndGlobalSection
EndGlobal
